
Microsoft Visual Studio Solution File, Format Version 12.00
# Visual Studio Version 17
VisualStudioVersion = 17.6.33829.357
MinimumVisualStudioVersion = 10.0.40219.1
Project("{9A19103F-16F7-4668-BE54-9A1E7A4F7556}") = "27. Remove Element", "27. Remove Element\27. Remove Element.csproj", "{1EB40E11-A35E-4AAE-8A34-8D3F4B235F47}"
EndProject
Project("{9A19103F-16F7-4668-BE54-9A1E7A4F7556}") = "28. Find the index of occurrence in a string", "28. Find the index of occurrence in a string\28. Find the index of occurrence in a string.csproj", "{C1D0DCC0-3B17-444C-B0D8-B6808B8627FE}"
EndProject
Project("{9A19103F-16F7-4668-BE54-9A1E7A4F7556}") = "14. Longest Common Prefix", "14. Longest Common Prefix\14. Longest Common Prefix.csproj", "{EA307357-54C2-49BF-987B-64888984CCCF}"
EndProject
Project("{9A19103F-16F7-4668-BE54-9A1E7A4F7556}") = "35. Search Insert Position", "35. Search Insert Position\35. Search Insert Position.csproj", "{6E32363F-A368-4377-9E9D-246E4C6EFAEA}"
EndProject
Project("{9A19103F-16F7-4668-BE54-9A1E7A4F7556}") = "58. Length of last word", "58. Length of last word\58. Length of last word.csproj", "{8BB5C3CF-8D43-402A-BB91-6121E61BF73B}"
EndProject
Project("{9A19103F-16F7-4668-BE54-9A1E7A4F7556}") = "66. Plus One", "66. Plus One\66. Plus One.csproj", "{A1BA0A40-0BA4-42E0-A3AB-0E90FB46225A}"
EndProject
Project("{9A19103F-16F7-4668-BE54-9A1E7A4F7556}") = "Test everything", "Test everything\Test everything.csproj", "{20DFC3F9-DB62-4760-8D72-63B5AC5212E4}"
EndProject
Project("{9A19103F-16F7-4668-BE54-9A1E7A4F7556}") = "69. Sqrt(x)", "69. Sqrt(x)\69. Sqrt(x).csproj", "{6F6F89E3-EA5D-4258-82C4-AC2A3EFF5B6D}"
EndProject
Project("{9A19103F-16F7-4668-BE54-9A1E7A4F7556}") = "70. Climbing stairs", "70. Climbing stairs\70. Climbing stairs.csproj", "{4262B5FB-E968-46A8-9363-A37552E6E133}"
EndProject
Project("{9A19103F-16F7-4668-BE54-9A1E7A4F7556}") = "67. Add Binary", "67. Add Binary\67. Add Binary.csproj", "{5DA8F8E5-8E36-4C23-9738-73D4D804A60B}"
EndProject
Project("{9A19103F-16F7-4668-BE54-9A1E7A4F7556}") = "3. Longest Substring Without Repeating Characters", "3. Longest Substring Without Repeating Characters\3. Longest Substring Without Repeating Characters.csproj", "{95A4D96B-F07A-4023-97CD-66541FAC7E91}"
EndProject
Project("{9A19103F-16F7-4668-BE54-9A1E7A4F7556}") = "121. Best Time to Buy and Sell Stock", "121. Best Time to Buy and Sell Stock\121. Best Time to Buy and Sell Stock.csproj", "{558B46BB-07C5-4162-8466-4FDB638EA709}"
EndProject
Project("{9A19103F-16F7-4668-BE54-9A1E7A4F7556}") = "33. Search in Rotated Sorted Array", "33. Search in Rotated Sorted Array\33. Search in Rotated Sorted Array.csproj", "{8E7CEEB5-CF1F-453D-B6EC-092CF036B5AB}"
EndProject
Project("{9A19103F-16F7-4668-BE54-9A1E7A4F7556}") = "88. Merge Sorted Array", "88. Merge Sorted Array\88. Merge Sorted Array.csproj", "{7A452FA0-479C-41CB-BD11-711D0AA25C41}"
EndProject
Project("{9A19103F-16F7-4668-BE54-9A1E7A4F7556}") = "21. Merge Two sorted lists", "21. Merge Two sorted lists\21. Merge Two sorted lists.csproj", "{7E560AB3-C065-4382-939F-4CB67848D161}"
EndProject
Project("{9A19103F-16F7-4668-BE54-9A1E7A4F7556}") = "26. Remove Duplicates from Sorted array", "26. Remove Duplicates from Sorted array\26. Remove Duplicates from Sorted array.csproj", "{CD0A322E-676B-4390-B9F7-A77D4225A713}"
EndProject
Project("{9A19103F-16F7-4668-BE54-9A1E7A4F7556}") = "83. Remove Duplicates from Sorted list", "83. Remove Duplicates from Sorted list\83. Remove Duplicates from Sorted list.csproj", "{E203B426-ECD8-431A-8F8E-6B389F8C970A}"
EndProject
Project("{9A19103F-16F7-4668-BE54-9A1E7A4F7556}") = "2. Add two Numbers", "2. Add two Numbers\2. Add two Numbers.csproj", "{13176D8B-E969-48D2-84C8-5A78EA254D4B}"
EndProject
Project("{9A19103F-16F7-4668-BE54-9A1E7A4F7556}") = "4. Median of Two Sorted Arrays", "4. Median of Two Sorted Arrays\4. Median of Two Sorted Arrays.csproj", "{07DD0F01-9341-48F5-BC0A-C85D6B6DAC2B}"
EndProject
Project("{9A19103F-16F7-4668-BE54-9A1E7A4F7556}") = "5. Longest Palindromic Substring", "5. Longest Palindromic Substring\5. Longest Palindromic Substring.csproj", "{FB2544BB-DAFE-4A83-B0D6-E2D31733F059}"
EndProject
Project("{9A19103F-16F7-4668-BE54-9A1E7A4F7556}") = "6. Zigzag Conversion", "6. Zigzag Conversion\6. Zigzag Conversion.csproj", "{D176E999-C668-4E6A-83B3-14CCB77798CD}"
EndProject
Project("{9A19103F-16F7-4668-BE54-9A1E7A4F7556}") = "7. Reverse Integer", "7. Reverse Integer\7. Reverse Integer.csproj", "{D9FB1B54-DE94-426D-9351-9B96A9A44B03}"
EndProject
Project("{9A19103F-16F7-4668-BE54-9A1E7A4F7556}") = "8. String to Integer (atoi)", "8. String to Integer (atoi)\8. String to Integer (atoi).csproj", "{4EDC6D4D-1DCC-439C-81E7-6805CC879ACA}"
EndProject
Project("{9A19103F-16F7-4668-BE54-9A1E7A4F7556}") = "10. Regular Expression Matching", "10. Regular Expression Matching\10. Regular Expression Matching.csproj", "{3F741814-25DB-4F12-8A2C-96497FF816B9}"
EndProject
Project("{9A19103F-16F7-4668-BE54-9A1E7A4F7556}") = "11. Container With Most Water", "11. Container With Most Water\11. Container With Most Water.csproj", "{B78ED5C9-C9DD-49D4-995E-73BCCEFCFB76}"
EndProject
Project("{9A19103F-16F7-4668-BE54-9A1E7A4F7556}") = "12. Integer to Roman", "12. Integer to Roman\12. Integer to Roman.csproj", "{79880ACD-B7A7-4CF4-BC84-92C63670B997}"
EndProject
Project("{9A19103F-16F7-4668-BE54-9A1E7A4F7556}") = "13. Roman to Integer", "13. Roman to Integer\13. Roman to Integer.csproj", "{AFB0D8F7-15C1-45F5-8122-DF9C3EB21EA8}"
EndProject
Project("{9A19103F-16F7-4668-BE54-9A1E7A4F7556}") = "15. 3Sum", "15. 3Sum\15. 3Sum.csproj", "{4AD95777-ADA6-42C7-8C03-F7192ADE82B1}"
EndProject
Project("{9A19103F-16F7-4668-BE54-9A1E7A4F7556}") = "16. 3Sum Closest", "16. 3Sum Closest\16. 3Sum Closest.csproj", "{222010FE-9666-41DE-B75F-0F3039D0271C}"
EndProject
Project("{9A19103F-16F7-4668-BE54-9A1E7A4F7556}") = "17. Letter Combinations of a Phone Number", "17. Letter Combinations of a Phone Number\17. Letter Combinations of a Phone Number.csproj", "{BF311212-3FE9-4864-9C72-4340DB85709D}"
EndProject
Project("{9A19103F-16F7-4668-BE54-9A1E7A4F7556}") = "19. Remove Nth Node From End of List", "19. Remove Nth Node From End of List\19. Remove Nth Node From End of List.csproj", "{003BDE9C-8CA0-415B-9A08-5B132C54B0E8}"
EndProject
Project("{9A19103F-16F7-4668-BE54-9A1E7A4F7556}") = "22. Generate parentheses", "22. Generate parentheses\22. Generate parentheses.csproj", "{AADC5525-A473-4AF9-86FB-3FF3A4F585F7}"
EndProject
Project("{9A19103F-16F7-4668-BE54-9A1E7A4F7556}") = "20. Valid Parenthese", "20. Valid Parenthese\20. Valid Parenthese.csproj", "{A2D8D35B-B873-4C29-97A6-70FC25AAE49D}"
EndProject
Project("{9A19103F-16F7-4668-BE54-9A1E7A4F7556}") = "23. Merge k Sorted List", "23. Merge k Sorted List\23. Merge k Sorted List.csproj", "{BB6EC2EC-BEAD-4E3C-8A30-F1243A3A56EA}"
EndProject
Project("{9A19103F-16F7-4668-BE54-9A1E7A4F7556}") = "24. Swap nodes in Pairs", "24. Swap nodes in Pairs\24. Swap nodes in Pairs.csproj", "{4DE89C66-CB68-4925-ABAF-A9E461B3F3E9}"
EndProject
Project("{9A19103F-16F7-4668-BE54-9A1E7A4F7556}") = "29. Divide two Intergers", "29. Divide two Intergers\29. Divide two Intergers.csproj", "{D0E3B46A-CEFA-44F8-9333-9F5078077310}"
EndProject
Project("{9A19103F-16F7-4668-BE54-9A1E7A4F7556}") = "30. Substring with Concatenation of All Words", "30. Substring with Concatenation of All Words\30. Substring with Concatenation of All Words.csproj", "{7D9AAFF4-87A1-4FFE-AA21-70E180F461C1}"
EndProject
Project("{9A19103F-16F7-4668-BE54-9A1E7A4F7556}") = "31. Next Permutation", "31. Next Permutation\31. Next Permutation.csproj", "{95DF159C-2048-4788-B638-839D2F4C74E3}"
EndProject
Project("{9A19103F-16F7-4668-BE54-9A1E7A4F7556}") = "34. Find First and Last Position of Element in Sorted Array", "34. Find First and Last Position of Element in Sorted Array\34. Find First and Last Position of Element in Sorted Array.csproj", "{B980AB9F-923E-45F1-9F7C-9584F0EBED4B}"
EndProject
Project("{9A19103F-16F7-4668-BE54-9A1E7A4F7556}") = "36. Valid Sudoku", "36. Valid Sudoku\36. Valid Sudoku.csproj", "{DD803548-4F6B-4822-9157-57FD5C76F4C9}"
EndProject
Project("{9A19103F-16F7-4668-BE54-9A1E7A4F7556}") = "38. Count and Say", "38. Count and Say\38. Count and Say.csproj", "{FD6E588B-8852-4569-95F7-F9D1CC40EF4D}"
EndProject
Project("{9A19103F-16F7-4668-BE54-9A1E7A4F7556}") = "39. Combination Sum", "39. Combination Sum\39. Combination Sum.csproj", "{CC5F06BC-8CE5-49EA-A993-1A6CCCA2330A}"
EndProject
Project("{9A19103F-16F7-4668-BE54-9A1E7A4F7556}") = "40. Combination Sum II", "40. Combination Sum II\40. Combination Sum II.csproj", "{727FAF3B-BB93-48D7-97D2-A09C43EC4CCC}"
EndProject
Project("{9A19103F-16F7-4668-BE54-9A1E7A4F7556}") = "41. First Missing Positive", "41. First Missing Positive\41. First Missing Positive.csproj", "{B3A9259B-0C07-4D28-B9B2-E58E2F69F407}"
EndProject
Project("{9A19103F-16F7-4668-BE54-9A1E7A4F7556}") = "42. Trapping Rain Water", "42. Trapping Rain Water\42. Trapping Rain Water.csproj", "{0C8E0B1E-8176-4AEF-BF94-F9BE3B2A05A0}"
EndProject
Project("{9A19103F-16F7-4668-BE54-9A1E7A4F7556}") = "43. Multiply Strings", "43. Multiply Strings\43. Multiply Strings.csproj", "{93783402-9AB2-47CD-8001-B55491842D10}"
EndProject
Project("{9A19103F-16F7-4668-BE54-9A1E7A4F7556}") = "45. Jump Game II", "45. Jump Game II\45. Jump Game II.csproj", "{3D2B2523-88C7-4052-B860-61F847A0749F}"
EndProject
Project("{9A19103F-16F7-4668-BE54-9A1E7A4F7556}") = "46. Permutations", "46. Permutations\46. Permutations.csproj", "{F9462BC3-CF82-4D2C-9894-53FFAB61652E}"
EndProject
Project("{9A19103F-16F7-4668-BE54-9A1E7A4F7556}") = "47. Permutations II", "47. Permutations II\47. Permutations II.csproj", "{8F522599-B957-4900-B91B-67BC362E7BD2}"
EndProject
Project("{9A19103F-16F7-4668-BE54-9A1E7A4F7556}") = "48. Rotate Image", "48. Rotate Image\48. Rotate Image.csproj", "{00DBE1B8-0135-41C2-8A41-2FE36ECAB8D4}"
EndProject
Project("{9A19103F-16F7-4668-BE54-9A1E7A4F7556}") = "49. Group Anagrams", "49. Group Anagrams\49. Group Anagrams.csproj", "{5BF1ABB5-FE7B-42E9-BD35-A71E6541D679}"
EndProject
Project("{9A19103F-16F7-4668-BE54-9A1E7A4F7556}") = "50. Pow(x, n)", "50. Pow(x, n)\50. Pow(x, n).csproj", "{15FCB2FE-812E-4C90-8685-F6DC6CF63994}"
EndProject
Project("{9A19103F-16F7-4668-BE54-9A1E7A4F7556}") = "51. N-Queens", "51. N-Queens\51. N-Queens.csproj", "{4B068175-3DB8-4CBD-B970-89EFCB7F6230}"
EndProject
Project("{FAE04EC0-301F-11D3-BF4B-00C04F79EFBC}") = "53. Maximum Subarray", "53. Maximum Subarray\53. Maximum Subarray.csproj", "{4E4F9B16-0D6A-478F-9F41-AD5565D5FF4B}"
EndProject
Global
	GlobalSection(SolutionConfigurationPlatforms) = preSolution
		Debug|Any CPU = Debug|Any CPU
		Release|Any CPU = Release|Any CPU
	EndGlobalSection
	GlobalSection(ProjectConfigurationPlatforms) = postSolution
		{1EB40E11-A35E-4AAE-8A34-8D3F4B235F47}.Debug|Any CPU.ActiveCfg = Debug|Any CPU
		{1EB40E11-A35E-4AAE-8A34-8D3F4B235F47}.Debug|Any CPU.Build.0 = Debug|Any CPU
		{1EB40E11-A35E-4AAE-8A34-8D3F4B235F47}.Release|Any CPU.ActiveCfg = Release|Any CPU
		{1EB40E11-A35E-4AAE-8A34-8D3F4B235F47}.Release|Any CPU.Build.0 = Release|Any CPU
		{C1D0DCC0-3B17-444C-B0D8-B6808B8627FE}.Debug|Any CPU.ActiveCfg = Debug|Any CPU
		{C1D0DCC0-3B17-444C-B0D8-B6808B8627FE}.Debug|Any CPU.Build.0 = Debug|Any CPU
		{C1D0DCC0-3B17-444C-B0D8-B6808B8627FE}.Release|Any CPU.ActiveCfg = Release|Any CPU
		{C1D0DCC0-3B17-444C-B0D8-B6808B8627FE}.Release|Any CPU.Build.0 = Release|Any CPU
		{EA307357-54C2-49BF-987B-64888984CCCF}.Debug|Any CPU.ActiveCfg = Debug|Any CPU
		{EA307357-54C2-49BF-987B-64888984CCCF}.Debug|Any CPU.Build.0 = Debug|Any CPU
		{EA307357-54C2-49BF-987B-64888984CCCF}.Release|Any CPU.ActiveCfg = Release|Any CPU
		{EA307357-54C2-49BF-987B-64888984CCCF}.Release|Any CPU.Build.0 = Release|Any CPU
		{6E32363F-A368-4377-9E9D-246E4C6EFAEA}.Debug|Any CPU.ActiveCfg = Debug|Any CPU
		{6E32363F-A368-4377-9E9D-246E4C6EFAEA}.Debug|Any CPU.Build.0 = Debug|Any CPU
		{6E32363F-A368-4377-9E9D-246E4C6EFAEA}.Release|Any CPU.ActiveCfg = Release|Any CPU
		{6E32363F-A368-4377-9E9D-246E4C6EFAEA}.Release|Any CPU.Build.0 = Release|Any CPU
		{8BB5C3CF-8D43-402A-BB91-6121E61BF73B}.Debug|Any CPU.ActiveCfg = Debug|Any CPU
		{8BB5C3CF-8D43-402A-BB91-6121E61BF73B}.Debug|Any CPU.Build.0 = Debug|Any CPU
		{8BB5C3CF-8D43-402A-BB91-6121E61BF73B}.Release|Any CPU.ActiveCfg = Release|Any CPU
		{8BB5C3CF-8D43-402A-BB91-6121E61BF73B}.Release|Any CPU.Build.0 = Release|Any CPU
		{A1BA0A40-0BA4-42E0-A3AB-0E90FB46225A}.Debug|Any CPU.ActiveCfg = Debug|Any CPU
		{A1BA0A40-0BA4-42E0-A3AB-0E90FB46225A}.Debug|Any CPU.Build.0 = Debug|Any CPU
		{A1BA0A40-0BA4-42E0-A3AB-0E90FB46225A}.Release|Any CPU.ActiveCfg = Release|Any CPU
		{A1BA0A40-0BA4-42E0-A3AB-0E90FB46225A}.Release|Any CPU.Build.0 = Release|Any CPU
		{20DFC3F9-DB62-4760-8D72-63B5AC5212E4}.Debug|Any CPU.ActiveCfg = Debug|Any CPU
		{20DFC3F9-DB62-4760-8D72-63B5AC5212E4}.Debug|Any CPU.Build.0 = Debug|Any CPU
		{20DFC3F9-DB62-4760-8D72-63B5AC5212E4}.Release|Any CPU.ActiveCfg = Release|Any CPU
		{20DFC3F9-DB62-4760-8D72-63B5AC5212E4}.Release|Any CPU.Build.0 = Release|Any CPU
		{6F6F89E3-EA5D-4258-82C4-AC2A3EFF5B6D}.Debug|Any CPU.ActiveCfg = Debug|Any CPU
		{6F6F89E3-EA5D-4258-82C4-AC2A3EFF5B6D}.Debug|Any CPU.Build.0 = Debug|Any CPU
		{6F6F89E3-EA5D-4258-82C4-AC2A3EFF5B6D}.Release|Any CPU.ActiveCfg = Release|Any CPU
		{6F6F89E3-EA5D-4258-82C4-AC2A3EFF5B6D}.Release|Any CPU.Build.0 = Release|Any CPU
		{4262B5FB-E968-46A8-9363-A37552E6E133}.Debug|Any CPU.ActiveCfg = Debug|Any CPU
		{4262B5FB-E968-46A8-9363-A37552E6E133}.Debug|Any CPU.Build.0 = Debug|Any CPU
		{4262B5FB-E968-46A8-9363-A37552E6E133}.Release|Any CPU.ActiveCfg = Release|Any CPU
		{4262B5FB-E968-46A8-9363-A37552E6E133}.Release|Any CPU.Build.0 = Release|Any CPU
		{5DA8F8E5-8E36-4C23-9738-73D4D804A60B}.Debug|Any CPU.ActiveCfg = Debug|Any CPU
		{5DA8F8E5-8E36-4C23-9738-73D4D804A60B}.Debug|Any CPU.Build.0 = Debug|Any CPU
		{5DA8F8E5-8E36-4C23-9738-73D4D804A60B}.Release|Any CPU.ActiveCfg = Release|Any CPU
		{5DA8F8E5-8E36-4C23-9738-73D4D804A60B}.Release|Any CPU.Build.0 = Release|Any CPU
		{95A4D96B-F07A-4023-97CD-66541FAC7E91}.Debug|Any CPU.ActiveCfg = Debug|Any CPU
		{95A4D96B-F07A-4023-97CD-66541FAC7E91}.Debug|Any CPU.Build.0 = Debug|Any CPU
		{95A4D96B-F07A-4023-97CD-66541FAC7E91}.Release|Any CPU.ActiveCfg = Release|Any CPU
		{95A4D96B-F07A-4023-97CD-66541FAC7E91}.Release|Any CPU.Build.0 = Release|Any CPU
		{558B46BB-07C5-4162-8466-4FDB638EA709}.Debug|Any CPU.ActiveCfg = Debug|Any CPU
		{558B46BB-07C5-4162-8466-4FDB638EA709}.Debug|Any CPU.Build.0 = Debug|Any CPU
		{558B46BB-07C5-4162-8466-4FDB638EA709}.Release|Any CPU.ActiveCfg = Release|Any CPU
		{558B46BB-07C5-4162-8466-4FDB638EA709}.Release|Any CPU.Build.0 = Release|Any CPU
		{8E7CEEB5-CF1F-453D-B6EC-092CF036B5AB}.Debug|Any CPU.ActiveCfg = Debug|Any CPU
		{8E7CEEB5-CF1F-453D-B6EC-092CF036B5AB}.Debug|Any CPU.Build.0 = Debug|Any CPU
		{8E7CEEB5-CF1F-453D-B6EC-092CF036B5AB}.Release|Any CPU.ActiveCfg = Release|Any CPU
		{8E7CEEB5-CF1F-453D-B6EC-092CF036B5AB}.Release|Any CPU.Build.0 = Release|Any CPU
		{7A452FA0-479C-41CB-BD11-711D0AA25C41}.Debug|Any CPU.ActiveCfg = Debug|Any CPU
		{7A452FA0-479C-41CB-BD11-711D0AA25C41}.Debug|Any CPU.Build.0 = Debug|Any CPU
		{7A452FA0-479C-41CB-BD11-711D0AA25C41}.Release|Any CPU.ActiveCfg = Release|Any CPU
		{7A452FA0-479C-41CB-BD11-711D0AA25C41}.Release|Any CPU.Build.0 = Release|Any CPU
		{7E560AB3-C065-4382-939F-4CB67848D161}.Debug|Any CPU.ActiveCfg = Debug|Any CPU
		{7E560AB3-C065-4382-939F-4CB67848D161}.Debug|Any CPU.Build.0 = Debug|Any CPU
		{7E560AB3-C065-4382-939F-4CB67848D161}.Release|Any CPU.ActiveCfg = Release|Any CPU
		{7E560AB3-C065-4382-939F-4CB67848D161}.Release|Any CPU.Build.0 = Release|Any CPU
		{CD0A322E-676B-4390-B9F7-A77D4225A713}.Debug|Any CPU.ActiveCfg = Debug|Any CPU
		{CD0A322E-676B-4390-B9F7-A77D4225A713}.Debug|Any CPU.Build.0 = Debug|Any CPU
		{CD0A322E-676B-4390-B9F7-A77D4225A713}.Release|Any CPU.ActiveCfg = Release|Any CPU
		{CD0A322E-676B-4390-B9F7-A77D4225A713}.Release|Any CPU.Build.0 = Release|Any CPU
		{E203B426-ECD8-431A-8F8E-6B389F8C970A}.Debug|Any CPU.ActiveCfg = Debug|Any CPU
		{E203B426-ECD8-431A-8F8E-6B389F8C970A}.Debug|Any CPU.Build.0 = Debug|Any CPU
		{E203B426-ECD8-431A-8F8E-6B389F8C970A}.Release|Any CPU.ActiveCfg = Release|Any CPU
		{E203B426-ECD8-431A-8F8E-6B389F8C970A}.Release|Any CPU.Build.0 = Release|Any CPU
		{13176D8B-E969-48D2-84C8-5A78EA254D4B}.Debug|Any CPU.ActiveCfg = Debug|Any CPU
		{13176D8B-E969-48D2-84C8-5A78EA254D4B}.Debug|Any CPU.Build.0 = Debug|Any CPU
		{13176D8B-E969-48D2-84C8-5A78EA254D4B}.Release|Any CPU.ActiveCfg = Release|Any CPU
		{13176D8B-E969-48D2-84C8-5A78EA254D4B}.Release|Any CPU.Build.0 = Release|Any CPU
		{07DD0F01-9341-48F5-BC0A-C85D6B6DAC2B}.Debug|Any CPU.ActiveCfg = Debug|Any CPU
		{07DD0F01-9341-48F5-BC0A-C85D6B6DAC2B}.Debug|Any CPU.Build.0 = Debug|Any CPU
		{07DD0F01-9341-48F5-BC0A-C85D6B6DAC2B}.Release|Any CPU.ActiveCfg = Release|Any CPU
		{07DD0F01-9341-48F5-BC0A-C85D6B6DAC2B}.Release|Any CPU.Build.0 = Release|Any CPU
		{FB2544BB-DAFE-4A83-B0D6-E2D31733F059}.Debug|Any CPU.ActiveCfg = Debug|Any CPU
		{FB2544BB-DAFE-4A83-B0D6-E2D31733F059}.Debug|Any CPU.Build.0 = Debug|Any CPU
		{FB2544BB-DAFE-4A83-B0D6-E2D31733F059}.Release|Any CPU.ActiveCfg = Release|Any CPU
		{FB2544BB-DAFE-4A83-B0D6-E2D31733F059}.Release|Any CPU.Build.0 = Release|Any CPU
		{D176E999-C668-4E6A-83B3-14CCB77798CD}.Debug|Any CPU.ActiveCfg = Debug|Any CPU
		{D176E999-C668-4E6A-83B3-14CCB77798CD}.Debug|Any CPU.Build.0 = Debug|Any CPU
		{D176E999-C668-4E6A-83B3-14CCB77798CD}.Release|Any CPU.ActiveCfg = Release|Any CPU
		{D176E999-C668-4E6A-83B3-14CCB77798CD}.Release|Any CPU.Build.0 = Release|Any CPU
		{D9FB1B54-DE94-426D-9351-9B96A9A44B03}.Debug|Any CPU.ActiveCfg = Debug|Any CPU
		{D9FB1B54-DE94-426D-9351-9B96A9A44B03}.Debug|Any CPU.Build.0 = Debug|Any CPU
		{D9FB1B54-DE94-426D-9351-9B96A9A44B03}.Release|Any CPU.ActiveCfg = Release|Any CPU
		{D9FB1B54-DE94-426D-9351-9B96A9A44B03}.Release|Any CPU.Build.0 = Release|Any CPU
		{4EDC6D4D-1DCC-439C-81E7-6805CC879ACA}.Debug|Any CPU.ActiveCfg = Debug|Any CPU
		{4EDC6D4D-1DCC-439C-81E7-6805CC879ACA}.Debug|Any CPU.Build.0 = Debug|Any CPU
		{4EDC6D4D-1DCC-439C-81E7-6805CC879ACA}.Release|Any CPU.ActiveCfg = Release|Any CPU
		{4EDC6D4D-1DCC-439C-81E7-6805CC879ACA}.Release|Any CPU.Build.0 = Release|Any CPU
		{3F741814-25DB-4F12-8A2C-96497FF816B9}.Debug|Any CPU.ActiveCfg = Debug|Any CPU
		{3F741814-25DB-4F12-8A2C-96497FF816B9}.Debug|Any CPU.Build.0 = Debug|Any CPU
		{3F741814-25DB-4F12-8A2C-96497FF816B9}.Release|Any CPU.ActiveCfg = Release|Any CPU
		{3F741814-25DB-4F12-8A2C-96497FF816B9}.Release|Any CPU.Build.0 = Release|Any CPU
		{B78ED5C9-C9DD-49D4-995E-73BCCEFCFB76}.Debug|Any CPU.ActiveCfg = Debug|Any CPU
		{B78ED5C9-C9DD-49D4-995E-73BCCEFCFB76}.Debug|Any CPU.Build.0 = Debug|Any CPU
		{B78ED5C9-C9DD-49D4-995E-73BCCEFCFB76}.Release|Any CPU.ActiveCfg = Release|Any CPU
		{B78ED5C9-C9DD-49D4-995E-73BCCEFCFB76}.Release|Any CPU.Build.0 = Release|Any CPU
		{79880ACD-B7A7-4CF4-BC84-92C63670B997}.Debug|Any CPU.ActiveCfg = Debug|Any CPU
		{79880ACD-B7A7-4CF4-BC84-92C63670B997}.Debug|Any CPU.Build.0 = Debug|Any CPU
		{79880ACD-B7A7-4CF4-BC84-92C63670B997}.Release|Any CPU.ActiveCfg = Release|Any CPU
		{79880ACD-B7A7-4CF4-BC84-92C63670B997}.Release|Any CPU.Build.0 = Release|Any CPU
		{AFB0D8F7-15C1-45F5-8122-DF9C3EB21EA8}.Debug|Any CPU.ActiveCfg = Debug|Any CPU
		{AFB0D8F7-15C1-45F5-8122-DF9C3EB21EA8}.Debug|Any CPU.Build.0 = Debug|Any CPU
		{AFB0D8F7-15C1-45F5-8122-DF9C3EB21EA8}.Release|Any CPU.ActiveCfg = Release|Any CPU
		{AFB0D8F7-15C1-45F5-8122-DF9C3EB21EA8}.Release|Any CPU.Build.0 = Release|Any CPU
		{4AD95777-ADA6-42C7-8C03-F7192ADE82B1}.Debug|Any CPU.ActiveCfg = Debug|Any CPU
		{4AD95777-ADA6-42C7-8C03-F7192ADE82B1}.Debug|Any CPU.Build.0 = Debug|Any CPU
		{4AD95777-ADA6-42C7-8C03-F7192ADE82B1}.Release|Any CPU.ActiveCfg = Release|Any CPU
		{4AD95777-ADA6-42C7-8C03-F7192ADE82B1}.Release|Any CPU.Build.0 = Release|Any CPU
		{222010FE-9666-41DE-B75F-0F3039D0271C}.Debug|Any CPU.ActiveCfg = Debug|Any CPU
		{222010FE-9666-41DE-B75F-0F3039D0271C}.Debug|Any CPU.Build.0 = Debug|Any CPU
		{222010FE-9666-41DE-B75F-0F3039D0271C}.Release|Any CPU.ActiveCfg = Release|Any CPU
		{222010FE-9666-41DE-B75F-0F3039D0271C}.Release|Any CPU.Build.0 = Release|Any CPU
		{BF311212-3FE9-4864-9C72-4340DB85709D}.Debug|Any CPU.ActiveCfg = Debug|Any CPU
		{BF311212-3FE9-4864-9C72-4340DB85709D}.Debug|Any CPU.Build.0 = Debug|Any CPU
		{BF311212-3FE9-4864-9C72-4340DB85709D}.Release|Any CPU.ActiveCfg = Release|Any CPU
		{BF311212-3FE9-4864-9C72-4340DB85709D}.Release|Any CPU.Build.0 = Release|Any CPU
		{003BDE9C-8CA0-415B-9A08-5B132C54B0E8}.Debug|Any CPU.ActiveCfg = Debug|Any CPU
		{003BDE9C-8CA0-415B-9A08-5B132C54B0E8}.Debug|Any CPU.Build.0 = Debug|Any CPU
		{003BDE9C-8CA0-415B-9A08-5B132C54B0E8}.Release|Any CPU.ActiveCfg = Release|Any CPU
		{003BDE9C-8CA0-415B-9A08-5B132C54B0E8}.Release|Any CPU.Build.0 = Release|Any CPU
		{AADC5525-A473-4AF9-86FB-3FF3A4F585F7}.Debug|Any CPU.ActiveCfg = Debug|Any CPU
		{AADC5525-A473-4AF9-86FB-3FF3A4F585F7}.Debug|Any CPU.Build.0 = Debug|Any CPU
		{AADC5525-A473-4AF9-86FB-3FF3A4F585F7}.Release|Any CPU.ActiveCfg = Release|Any CPU
		{AADC5525-A473-4AF9-86FB-3FF3A4F585F7}.Release|Any CPU.Build.0 = Release|Any CPU
		{A2D8D35B-B873-4C29-97A6-70FC25AAE49D}.Debug|Any CPU.ActiveCfg = Debug|Any CPU
		{A2D8D35B-B873-4C29-97A6-70FC25AAE49D}.Debug|Any CPU.Build.0 = Debug|Any CPU
		{A2D8D35B-B873-4C29-97A6-70FC25AAE49D}.Release|Any CPU.ActiveCfg = Release|Any CPU
		{A2D8D35B-B873-4C29-97A6-70FC25AAE49D}.Release|Any CPU.Build.0 = Release|Any CPU
		{BB6EC2EC-BEAD-4E3C-8A30-F1243A3A56EA}.Debug|Any CPU.ActiveCfg = Debug|Any CPU
		{BB6EC2EC-BEAD-4E3C-8A30-F1243A3A56EA}.Debug|Any CPU.Build.0 = Debug|Any CPU
		{BB6EC2EC-BEAD-4E3C-8A30-F1243A3A56EA}.Release|Any CPU.ActiveCfg = Release|Any CPU
		{BB6EC2EC-BEAD-4E3C-8A30-F1243A3A56EA}.Release|Any CPU.Build.0 = Release|Any CPU
		{4DE89C66-CB68-4925-ABAF-A9E461B3F3E9}.Debug|Any CPU.ActiveCfg = Debug|Any CPU
		{4DE89C66-CB68-4925-ABAF-A9E461B3F3E9}.Debug|Any CPU.Build.0 = Debug|Any CPU
		{4DE89C66-CB68-4925-ABAF-A9E461B3F3E9}.Release|Any CPU.ActiveCfg = Release|Any CPU
		{4DE89C66-CB68-4925-ABAF-A9E461B3F3E9}.Release|Any CPU.Build.0 = Release|Any CPU
		{D0E3B46A-CEFA-44F8-9333-9F5078077310}.Debug|Any CPU.ActiveCfg = Debug|Any CPU
		{D0E3B46A-CEFA-44F8-9333-9F5078077310}.Debug|Any CPU.Build.0 = Debug|Any CPU
		{D0E3B46A-CEFA-44F8-9333-9F5078077310}.Release|Any CPU.ActiveCfg = Release|Any CPU
		{D0E3B46A-CEFA-44F8-9333-9F5078077310}.Release|Any CPU.Build.0 = Release|Any CPU
		{7D9AAFF4-87A1-4FFE-AA21-70E180F461C1}.Debug|Any CPU.ActiveCfg = Debug|Any CPU
		{7D9AAFF4-87A1-4FFE-AA21-70E180F461C1}.Debug|Any CPU.Build.0 = Debug|Any CPU
		{7D9AAFF4-87A1-4FFE-AA21-70E180F461C1}.Release|Any CPU.ActiveCfg = Release|Any CPU
		{7D9AAFF4-87A1-4FFE-AA21-70E180F461C1}.Release|Any CPU.Build.0 = Release|Any CPU
		{95DF159C-2048-4788-B638-839D2F4C74E3}.Debug|Any CPU.ActiveCfg = Debug|Any CPU
		{95DF159C-2048-4788-B638-839D2F4C74E3}.Debug|Any CPU.Build.0 = Debug|Any CPU
		{95DF159C-2048-4788-B638-839D2F4C74E3}.Release|Any CPU.ActiveCfg = Release|Any CPU
		{95DF159C-2048-4788-B638-839D2F4C74E3}.Release|Any CPU.Build.0 = Release|Any CPU
		{B980AB9F-923E-45F1-9F7C-9584F0EBED4B}.Debug|Any CPU.ActiveCfg = Debug|Any CPU
		{B980AB9F-923E-45F1-9F7C-9584F0EBED4B}.Debug|Any CPU.Build.0 = Debug|Any CPU
		{B980AB9F-923E-45F1-9F7C-9584F0EBED4B}.Release|Any CPU.ActiveCfg = Release|Any CPU
		{B980AB9F-923E-45F1-9F7C-9584F0EBED4B}.Release|Any CPU.Build.0 = Release|Any CPU
		{DD803548-4F6B-4822-9157-57FD5C76F4C9}.Debug|Any CPU.ActiveCfg = Debug|Any CPU
		{DD803548-4F6B-4822-9157-57FD5C76F4C9}.Debug|Any CPU.Build.0 = Debug|Any CPU
		{DD803548-4F6B-4822-9157-57FD5C76F4C9}.Release|Any CPU.ActiveCfg = Release|Any CPU
		{DD803548-4F6B-4822-9157-57FD5C76F4C9}.Release|Any CPU.Build.0 = Release|Any CPU
		{FD6E588B-8852-4569-95F7-F9D1CC40EF4D}.Debug|Any CPU.ActiveCfg = Debug|Any CPU
		{FD6E588B-8852-4569-95F7-F9D1CC40EF4D}.Debug|Any CPU.Build.0 = Debug|Any CPU
		{FD6E588B-8852-4569-95F7-F9D1CC40EF4D}.Release|Any CPU.ActiveCfg = Release|Any CPU
		{FD6E588B-8852-4569-95F7-F9D1CC40EF4D}.Release|Any CPU.Build.0 = Release|Any CPU
		{CC5F06BC-8CE5-49EA-A993-1A6CCCA2330A}.Debug|Any CPU.ActiveCfg = Debug|Any CPU
		{CC5F06BC-8CE5-49EA-A993-1A6CCCA2330A}.Debug|Any CPU.Build.0 = Debug|Any CPU
		{CC5F06BC-8CE5-49EA-A993-1A6CCCA2330A}.Release|Any CPU.ActiveCfg = Release|Any CPU
		{CC5F06BC-8CE5-49EA-A993-1A6CCCA2330A}.Release|Any CPU.Build.0 = Release|Any CPU
		{727FAF3B-BB93-48D7-97D2-A09C43EC4CCC}.Debug|Any CPU.ActiveCfg = Debug|Any CPU
		{727FAF3B-BB93-48D7-97D2-A09C43EC4CCC}.Debug|Any CPU.Build.0 = Debug|Any CPU
		{727FAF3B-BB93-48D7-97D2-A09C43EC4CCC}.Release|Any CPU.ActiveCfg = Release|Any CPU
		{727FAF3B-BB93-48D7-97D2-A09C43EC4CCC}.Release|Any CPU.Build.0 = Release|Any CPU
		{B3A9259B-0C07-4D28-B9B2-E58E2F69F407}.Debug|Any CPU.ActiveCfg = Debug|Any CPU
		{B3A9259B-0C07-4D28-B9B2-E58E2F69F407}.Debug|Any CPU.Build.0 = Debug|Any CPU
		{B3A9259B-0C07-4D28-B9B2-E58E2F69F407}.Release|Any CPU.ActiveCfg = Release|Any CPU
		{B3A9259B-0C07-4D28-B9B2-E58E2F69F407}.Release|Any CPU.Build.0 = Release|Any CPU
		{0C8E0B1E-8176-4AEF-BF94-F9BE3B2A05A0}.Debug|Any CPU.ActiveCfg = Debug|Any CPU
		{0C8E0B1E-8176-4AEF-BF94-F9BE3B2A05A0}.Debug|Any CPU.Build.0 = Debug|Any CPU
		{0C8E0B1E-8176-4AEF-BF94-F9BE3B2A05A0}.Release|Any CPU.ActiveCfg = Release|Any CPU
		{0C8E0B1E-8176-4AEF-BF94-F9BE3B2A05A0}.Release|Any CPU.Build.0 = Release|Any CPU
		{93783402-9AB2-47CD-8001-B55491842D10}.Debug|Any CPU.ActiveCfg = Debug|Any CPU
		{93783402-9AB2-47CD-8001-B55491842D10}.Debug|Any CPU.Build.0 = Debug|Any CPU
		{93783402-9AB2-47CD-8001-B55491842D10}.Release|Any CPU.ActiveCfg = Release|Any CPU
		{93783402-9AB2-47CD-8001-B55491842D10}.Release|Any CPU.Build.0 = Release|Any CPU
		{3D2B2523-88C7-4052-B860-61F847A0749F}.Debug|Any CPU.ActiveCfg = Debug|Any CPU
		{3D2B2523-88C7-4052-B860-61F847A0749F}.Debug|Any CPU.Build.0 = Debug|Any CPU
		{3D2B2523-88C7-4052-B860-61F847A0749F}.Release|Any CPU.ActiveCfg = Release|Any CPU
		{3D2B2523-88C7-4052-B860-61F847A0749F}.Release|Any CPU.Build.0 = Release|Any CPU
		{F9462BC3-CF82-4D2C-9894-53FFAB61652E}.Debug|Any CPU.ActiveCfg = Debug|Any CPU
		{F9462BC3-CF82-4D2C-9894-53FFAB61652E}.Debug|Any CPU.Build.0 = Debug|Any CPU
		{F9462BC3-CF82-4D2C-9894-53FFAB61652E}.Release|Any CPU.ActiveCfg = Release|Any CPU
		{F9462BC3-CF82-4D2C-9894-53FFAB61652E}.Release|Any CPU.Build.0 = Release|Any CPU
		{8F522599-B957-4900-B91B-67BC362E7BD2}.Debug|Any CPU.ActiveCfg = Debug|Any CPU
		{8F522599-B957-4900-B91B-67BC362E7BD2}.Debug|Any CPU.Build.0 = Debug|Any CPU
		{8F522599-B957-4900-B91B-67BC362E7BD2}.Release|Any CPU.ActiveCfg = Release|Any CPU
		{8F522599-B957-4900-B91B-67BC362E7BD2}.Release|Any CPU.Build.0 = Release|Any CPU
		{00DBE1B8-0135-41C2-8A41-2FE36ECAB8D4}.Debug|Any CPU.ActiveCfg = Debug|Any CPU
		{00DBE1B8-0135-41C2-8A41-2FE36ECAB8D4}.Debug|Any CPU.Build.0 = Debug|Any CPU
		{00DBE1B8-0135-41C2-8A41-2FE36ECAB8D4}.Release|Any CPU.ActiveCfg = Release|Any CPU
		{00DBE1B8-0135-41C2-8A41-2FE36ECAB8D4}.Release|Any CPU.Build.0 = Release|Any CPU
		{5BF1ABB5-FE7B-42E9-BD35-A71E6541D679}.Debug|Any CPU.ActiveCfg = Debug|Any CPU
		{5BF1ABB5-FE7B-42E9-BD35-A71E6541D679}.Debug|Any CPU.Build.0 = Debug|Any CPU
		{5BF1ABB5-FE7B-42E9-BD35-A71E6541D679}.Release|Any CPU.ActiveCfg = Release|Any CPU
		{5BF1ABB5-FE7B-42E9-BD35-A71E6541D679}.Release|Any CPU.Build.0 = Release|Any CPU
		{15FCB2FE-812E-4C90-8685-F6DC6CF63994}.Debug|Any CPU.ActiveCfg = Debug|Any CPU
		{15FCB2FE-812E-4C90-8685-F6DC6CF63994}.Debug|Any CPU.Build.0 = Debug|Any CPU
		{15FCB2FE-812E-4C90-8685-F6DC6CF63994}.Release|Any CPU.ActiveCfg = Release|Any CPU
		{15FCB2FE-812E-4C90-8685-F6DC6CF63994}.Release|Any CPU.Build.0 = Release|Any CPU
		{4B068175-3DB8-4CBD-B970-89EFCB7F6230}.Debug|Any CPU.ActiveCfg = Debug|Any CPU
		{4B068175-3DB8-4CBD-B970-89EFCB7F6230}.Debug|Any CPU.Build.0 = Debug|Any CPU
		{4B068175-3DB8-4CBD-B970-89EFCB7F6230}.Release|Any CPU.ActiveCfg = Release|Any CPU
		{4B068175-3DB8-4CBD-B970-89EFCB7F6230}.Release|Any CPU.Build.0 = Release|Any CPU
		{4E4F9B16-0D6A-478F-9F41-AD5565D5FF4B}.Debug|Any CPU.ActiveCfg = Debug|Any CPU
		{4E4F9B16-0D6A-478F-9F41-AD5565D5FF4B}.Debug|Any CPU.Build.0 = Debug|Any CPU
		{4E4F9B16-0D6A-478F-9F41-AD5565D5FF4B}.Release|Any CPU.ActiveCfg = Release|Any CPU
		{4E4F9B16-0D6A-478F-9F41-AD5565D5FF4B}.Release|Any CPU.Build.0 = Release|Any CPU
	EndGlobalSection
	GlobalSection(SolutionProperties) = preSolution
		HideSolutionNode = FALSE
	EndGlobalSection
	GlobalSection(ExtensibilityGlobals) = postSolution
		SolutionGuid = {3D9F9E43-D876-4526-89CF-752661728D01}
	EndGlobalSection
EndGlobal
